
Microsoft Visual Studio Solution File, Format Version 12.00
# Visual Studio Version 17
VisualStudioVersion = 17.13.35931.197
MinimumVisualStudioVersion = 10.0.40219.1
Project("{FAE04EC0-301F-11D3-BF4B-00C04F79EFBC}") = "Bike STore Project", "Bike STore Project.csproj", "{96F3FC69-5FDE-470D-8FE1-A35A62FDB42A}"
EndProject
Global
	GlobalSection(SolutionConfigurationPlatforms) = preSolution
		Debug|Any CPU = Debug|Any CPU
		Release|Any CPU = Release|Any CPU
	EndGlobalSection
	GlobalSection(ProjectConfigurationPlatforms) = postSolution
		{96F3FC69-5FDE-470D-8FE1-A35A62FDB42A}.Debug|Any CPU.ActiveCfg = Debug|Any CPU
		{96F3FC69-5FDE-470D-8FE1-A35A62FDB42A}.Debug|Any CPU.Build.0 = Debug|Any CPU
		{96F3FC69-5FDE-470D-8FE1-A35A62FDB42A}.Release|Any CPU.ActiveCfg = Release|Any CPU
		{96F3FC69-5FDE-470D-8FE1-A35A62FDB42A}.Release|Any CPU.Build.0 = Release|Any CPU
	EndGlobalSection
	GlobalSection(SolutionProperties) = preSolution
		HideSolutionNode = FALSE
	EndGlobalSection
	GlobalSection(ExtensibilityGlobals) = postSolution
		SolutionGuid = {A39624CF-23EC-494C-BD79-E70EE53EB7CA}
	EndGlobalSection
EndGlobal
